// !$*UTF8*$!
{
	archiveVersion = 1;
	classes = {
	};
	objectVersion = 56;
	objects = {

/* Begin PBXBuildFile section */
		23A1E9D62BC319AA00AF3360 /* PetzCareApp.swift in Sources */ = {isa = PBXBuildFile; fileRef = 23A1E9D52BC319AA00AF3360 /* PetzCareApp.swift */; };
		23A1E9D82BC319AA00AF3360 /* ContentView.swift in Sources */ = {isa = PBXBuildFile; fileRef = 23A1E9D72BC319AA00AF3360 /* ContentView.swift */; };
		23A1E9DA2BC319AB00AF3360 /* Assets.xcassets in Resources */ = {isa = PBXBuildFile; fileRef = 23A1E9D92BC319AB00AF3360 /* Assets.xcassets */; };
		23A1E9DD2BC319AB00AF3360 /* Preview Assets.xcassets in Resources */ = {isa = PBXBuildFile; fileRef = 23A1E9DC2BC319AB00AF3360 /* Preview Assets.xcassets */; };
		23A1E9E52BC31A9500AF3360 /* FirebaseAuth in Frameworks */ = {isa = PBXBuildFile; productRef = 23A1E9E42BC31A9500AF3360 /* FirebaseAuth */; };
		23A1E9E82BC31B1300AF3360 /* AppDelegate.swift in Sources */ = {isa = PBXBuildFile; fileRef = 23A1E9E72BC31B1300AF3360 /* AppDelegate.swift */; };
		23A1E9EA2BC31BB100AF3360 /* FirebAuth.swift in Sources */ = {isa = PBXBuildFile; fileRef = 23A1E9E92BC31BB100AF3360 /* FirebAuth.swift */; };
		23A1E9F12BC31E1E00AF3360 /* LoginView.swift in Sources */ = {isa = PBXBuildFile; fileRef = 23A1E9F02BC31E1E00AF3360 /* LoginView.swift */; };
		23A1E9F52BC3272100AF3360 /* RootView.swift in Sources */ = {isa = PBXBuildFile; fileRef = 23A1E9F42BC3272100AF3360 /* RootView.swift */; };
		23A1E9F72BC3298400AF3360 /* SettingsView.swift in Sources */ = {isa = PBXBuildFile; fileRef = 23A1E9F62BC3298400AF3360 /* SettingsView.swift */; };
		23A1E9F92BC353E200AF3360 /* GoogleService-Info.plist in Resources */ = {isa = PBXBuildFile; fileRef = 23A1E9F82BC353E200AF3360 /* GoogleService-Info.plist */; };
		23A1E9FC2BC3544A00AF3360 /* GoogleSigninBtn.swift in Sources */ = {isa = PBXBuildFile; fileRef = 23A1E9FB2BC3544A00AF3360 /* GoogleSigninBtn.swift */; };
		23A1E9FF2BC3553E00AF3360 /* GoogleSignIn in Frameworks */ = {isa = PBXBuildFile; productRef = 23A1E9FE2BC3553E00AF3360 /* GoogleSignIn */; };
		23A1EA012BC3553E00AF3360 /* GoogleSignInSwift in Frameworks */ = {isa = PBXBuildFile; productRef = 23A1EA002BC3553E00AF3360 /* GoogleSignInSwift */; };
		23A1EA032BC355B100AF3360 /* +View.swift in Sources */ = {isa = PBXBuildFile; fileRef = 23A1EA022BC355B100AF3360 /* +View.swift */; };
		23A1EA062BC5FBFD00AF3360 /* PetsList.swift in Sources */ = {isa = PBXBuildFile; fileRef = 23A1EA052BC5FBFD00AF3360 /* PetsList.swift */; };
		23A1EA092BC5FCD900AF3360 /* Pet.swift in Sources */ = {isa = PBXBuildFile; fileRef = 23A1EA082BC5FCD900AF3360 /* Pet.swift */; };
		23A1EA0B2BC5FD8E00AF3360 /* AddPetView.swift in Sources */ = {isa = PBXBuildFile; fileRef = 23A1EA0A2BC5FD8E00AF3360 /* AddPetView.swift */; };
		23A1EA122BC6024500AF3360 /* FirebaseFirestore in Frameworks */ = {isa = PBXBuildFile; productRef = 23A1EA112BC6024500AF3360 /* FirebaseFirestore */; };
		23A1EA142BC6024500AF3360 /* FirebaseFirestoreSwift in Frameworks */ = {isa = PBXBuildFile; productRef = 23A1EA132BC6024500AF3360 /* FirebaseFirestoreSwift */; };
		23A1EA162BC6059600AF3360 /* PetManager.swift in Sources */ = {isa = PBXBuildFile; fileRef = 23A1EA152BC6059600AF3360 /* PetManager.swift */; };
/* End PBXBuildFile section */

/* Begin PBXFileReference section */
		23A1E9D22BC319AA00AF3360 /* PetzCare.app */ = {isa = PBXFileReference; explicitFileType = wrapper.application; includeInIndex = 0; path = PetzCare.app; sourceTree = BUILT_PRODUCTS_DIR; };
		23A1E9D52BC319AA00AF3360 /* PetzCareApp.swift */ = {isa = PBXFileReference; lastKnownFileType = sourcecode.swift; path = PetzCareApp.swift; sourceTree = "<group>"; };
		23A1E9D72BC319AA00AF3360 /* ContentView.swift */ = {isa = PBXFileReference; lastKnownFileType = sourcecode.swift; path = ContentView.swift; sourceTree = "<group>"; };
		23A1E9D92BC319AB00AF3360 /* Assets.xcassets */ = {isa = PBXFileReference; lastKnownFileType = folder.assetcatalog; path = Assets.xcassets; sourceTree = "<group>"; };
		23A1E9DC2BC319AB00AF3360 /* Preview Assets.xcassets */ = {isa = PBXFileReference; lastKnownFileType = folder.assetcatalog; path = "Preview Assets.xcassets"; sourceTree = "<group>"; };
		23A1E9E72BC31B1300AF3360 /* AppDelegate.swift */ = {isa = PBXFileReference; lastKnownFileType = sourcecode.swift; path = AppDelegate.swift; sourceTree = "<group>"; };
		23A1E9E92BC31BB100AF3360 /* FirebAuth.swift */ = {isa = PBXFileReference; lastKnownFileType = sourcecode.swift; path = FirebAuth.swift; sourceTree = "<group>"; };
		23A1E9F02BC31E1E00AF3360 /* LoginView.swift */ = {isa = PBXFileReference; lastKnownFileType = sourcecode.swift; path = LoginView.swift; sourceTree = "<group>"; };
		23A1E9F42BC3272100AF3360 /* RootView.swift */ = {isa = PBXFileReference; lastKnownFileType = sourcecode.swift; path = RootView.swift; sourceTree = "<group>"; };
		23A1E9F62BC3298400AF3360 /* SettingsView.swift */ = {isa = PBXFileReference; lastKnownFileType = sourcecode.swift; path = SettingsView.swift; sourceTree = "<group>"; };
		23A1E9F82BC353E200AF3360 /* GoogleService-Info.plist */ = {isa = PBXFileReference; fileEncoding = 4; lastKnownFileType = text.plist.xml; name = "GoogleService-Info.plist"; path = "../../../Downloads/GoogleService-Info.plist"; sourceTree = "<group>"; };
		23A1E9FA2BC3540900AF3360 /* Info.plist */ = {isa = PBXFileReference; lastKnownFileType = text.plist; path = Info.plist; sourceTree = "<group>"; };
		23A1E9FB2BC3544A00AF3360 /* GoogleSigninBtn.swift */ = {isa = PBXFileReference; lastKnownFileType = sourcecode.swift; path = GoogleSigninBtn.swift; sourceTree = "<group>"; };
		23A1EA022BC355B100AF3360 /* +View.swift */ = {isa = PBXFileReference; lastKnownFileType = sourcecode.swift; path = "+View.swift"; sourceTree = "<group>"; };
		23A1EA052BC5FBFD00AF3360 /* PetsList.swift */ = {isa = PBXFileReference; lastKnownFileType = sourcecode.swift; path = PetsList.swift; sourceTree = "<group>"; };
		23A1EA082BC5FCD900AF3360 /* Pet.swift */ = {isa = PBXFileReference; lastKnownFileType = sourcecode.swift; path = Pet.swift; sourceTree = "<group>"; };
		23A1EA0A2BC5FD8E00AF3360 /* AddPetView.swift */ = {isa = PBXFileReference; lastKnownFileType = sourcecode.swift; path = AddPetView.swift; sourceTree = "<group>"; };
		23A1EA152BC6059600AF3360 /* PetManager.swift */ = {isa = PBXFileReference; lastKnownFileType = sourcecode.swift; path = PetManager.swift; sourceTree = "<group>"; };
/* End PBXFileReference section */

/* Begin PBXFrameworksBuildPhase section */
		23A1E9CF2BC319AA00AF3360 /* Frameworks */ = {
			isa = PBXFrameworksBuildPhase;
			buildActionMask = 2147483647;
			files = (
				23A1EA012BC3553E00AF3360 /* GoogleSignInSwift in Frameworks */,
				23A1E9E52BC31A9500AF3360 /* FirebaseAuth in Frameworks */,
				23A1EA142BC6024500AF3360 /* FirebaseFirestoreSwift in Frameworks */,
				23A1E9FF2BC3553E00AF3360 /* GoogleSignIn in Frameworks */,
				23A1EA122BC6024500AF3360 /* FirebaseFirestore in Frameworks */,
			);
			runOnlyForDeploymentPostprocessing = 0;
		};
/* End PBXFrameworksBuildPhase section */

/* Begin PBXGroup section */
		23A1E9C92BC319AA00AF3360 = {
			isa = PBXGroup;
			children = (
				23A1E9F82BC353E200AF3360 /* GoogleService-Info.plist */,
				23A1E9D42BC319AA00AF3360 /* PetzCare */,
				23A1E9D32BC319AA00AF3360 /* Products */,
				23A1EA0C2BC5FECB00AF3360 /* Frameworks */,
			);
			sourceTree = "<group>";
		};
		23A1E9D32BC319AA00AF3360 /* Products */ = {
			isa = PBXGroup;
			children = (
				23A1E9D22BC319AA00AF3360 /* PetzCare.app */,
			);
			name = Products;
			sourceTree = "<group>";
		};
		23A1E9D42BC319AA00AF3360 /* PetzCare */ = {
			isa = PBXGroup;
			children = (
				23A1EA072BC5FCCE00AF3360 /* DataBase */,
				23A1EA042BC5FBE800AF3360 /* Pets */,
				23A1E9FA2BC3540900AF3360 /* Info.plist */,
				23A1E9ED2BC31DD700AF3360 /* Authentication */,
				23A1E9E62BC31B0500AF3360 /* Helper */,
				23A1E9D52BC319AA00AF3360 /* PetzCareApp.swift */,
				23A1E9D72BC319AA00AF3360 /* ContentView.swift */,
				23A1E9D92BC319AB00AF3360 /* Assets.xcassets */,
				23A1E9DB2BC319AB00AF3360 /* Preview Content */,
			);
			path = PetzCare;
			sourceTree = "<group>";
		};
		23A1E9DB2BC319AB00AF3360 /* Preview Content */ = {
			isa = PBXGroup;
			children = (
				23A1E9DC2BC319AB00AF3360 /* Preview Assets.xcassets */,
			);
			path = "Preview Content";
			sourceTree = "<group>";
		};
		23A1E9E62BC31B0500AF3360 /* Helper */ = {
			isa = PBXGroup;
			children = (
				23A1E9E72BC31B1300AF3360 /* AppDelegate.swift */,
				23A1E9E92BC31BB100AF3360 /* FirebAuth.swift */,
				23A1E9FB2BC3544A00AF3360 /* GoogleSigninBtn.swift */,
				23A1EA022BC355B100AF3360 /* +View.swift */,
				23A1EA152BC6059600AF3360 /* PetManager.swift */,
			);
			path = Helper;
			sourceTree = "<group>";
		};
		23A1E9ED2BC31DD700AF3360 /* Authentication */ = {
			isa = PBXGroup;
			children = (
				23A1E9F02BC31E1E00AF3360 /* LoginView.swift */,
				23A1E9F42BC3272100AF3360 /* RootView.swift */,
				23A1E9F62BC3298400AF3360 /* SettingsView.swift */,
			);
			path = Authentication;
			sourceTree = "<group>";
		};
		23A1EA042BC5FBE800AF3360 /* Pets */ = {
			isa = PBXGroup;
			children = (
				23A1EA052BC5FBFD00AF3360 /* PetsList.swift */,
				23A1EA0A2BC5FD8E00AF3360 /* AddPetView.swift */,
			);
			path = Pets;
			sourceTree = "<group>";
		};
		23A1EA072BC5FCCE00AF3360 /* DataBase */ = {
			isa = PBXGroup;
			children = (
				23A1EA082BC5FCD900AF3360 /* Pet.swift */,
			);
			path = DataBase;
			sourceTree = "<group>";
		};
		23A1EA0C2BC5FECB00AF3360 /* Frameworks */ = {
			isa = PBXGroup;
			children = (
			);
			name = Frameworks;
			sourceTree = "<group>";
		};
/* End PBXGroup section */

/* Begin PBXNativeTarget section */
		23A1E9D12BC319AA00AF3360 /* PetzCare */ = {
			isa = PBXNativeTarget;
			buildConfigurationList = 23A1E9E02BC319AB00AF3360 /* Build configuration list for PBXNativeTarget "PetzCare" */;
			buildPhases = (
				23A1E9CE2BC319AA00AF3360 /* Sources */,
				23A1E9CF2BC319AA00AF3360 /* Frameworks */,
				23A1E9D02BC319AA00AF3360 /* Resources */,
			);
			buildRules = (
			);
			dependencies = (
			);
			name = PetzCare;
			packageProductDependencies = (
				23A1E9E42BC31A9500AF3360 /* FirebaseAuth */,
				23A1E9FE2BC3553E00AF3360 /* GoogleSignIn */,
				23A1EA002BC3553E00AF3360 /* GoogleSignInSwift */,
				23A1EA112BC6024500AF3360 /* FirebaseFirestore */,
				23A1EA132BC6024500AF3360 /* FirebaseFirestoreSwift */,
			);
			productName = PetzCare;
			productReference = 23A1E9D22BC319AA00AF3360 /* PetzCare.app */;
			productType = "com.apple.product-type.application";
		};
/* End PBXNativeTarget section */

/* Begin PBXProject section */
		23A1E9CA2BC319AA00AF3360 /* Project object */ = {
			isa = PBXProject;
			attributes = {
				BuildIndependentTargetsInParallel = 1;
				LastSwiftUpdateCheck = 1430;
				LastUpgradeCheck = 1430;
				TargetAttributes = {
					23A1E9D12BC319AA00AF3360 = {
						CreatedOnToolsVersion = 14.3.1;
					};
				};
			};
			buildConfigurationList = 23A1E9CD2BC319AA00AF3360 /* Build configuration list for PBXProject "PetzCare" */;
			compatibilityVersion = "Xcode 14.0";
			developmentRegion = en;
			hasScannedForEncodings = 0;
			knownRegions = (
				en,
				Base,
			);
			mainGroup = 23A1E9C92BC319AA00AF3360;
			packageReferences = (
				23A1E9E32BC31A9500AF3360 /* XCRemoteSwiftPackageReference "firebase-ios-sdk" */,
				23A1E9FD2BC3553D00AF3360 /* XCRemoteSwiftPackageReference "GoogleSignIn-iOS" */,
			);
			productRefGroup = 23A1E9D32BC319AA00AF3360 /* Products */;
			projectDirPath = "";
			projectRoot = "";
			targets = (
				23A1E9D12BC319AA00AF3360 /* PetzCare */,
			);
		};
/* End PBXProject section */

/* Begin PBXResourcesBuildPhase section */
		23A1E9D02BC319AA00AF3360 /* Resources */ = {
			isa = PBXResourcesBuildPhase;
			buildActionMask = 2147483647;
			files = (
				23A1E9DD2BC319AB00AF3360 /* Preview Assets.xcassets in Resources */,
				23A1E9F92BC353E200AF3360 /* GoogleService-Info.plist in Resources */,
				23A1E9DA2BC319AB00AF3360 /* Assets.xcassets in Resources */,
			);
			runOnlyForDeploymentPostprocessing = 0;
		};
/* End PBXResourcesBuildPhase section */

/* Begin PBXSourcesBuildPhase section */
		23A1E9CE2BC319AA00AF3360 /* Sources */ = {
			isa = PBXSourcesBuildPhase;
			buildActionMask = 2147483647;
			files = (
				23A1E9F72BC3298400AF3360 /* SettingsView.swift in Sources */,
				23A1E9FC2BC3544A00AF3360 /* GoogleSigninBtn.swift in Sources */,
				23A1EA032BC355B100AF3360 /* +View.swift in Sources */,
				23A1E9EA2BC31BB100AF3360 /* FirebAuth.swift in Sources */,
				23A1EA162BC6059600AF3360 /* PetManager.swift in Sources */,
				23A1EA0B2BC5FD8E00AF3360 /* AddPetView.swift in Sources */,
				23A1E9E82BC31B1300AF3360 /* AppDelegate.swift in Sources */,
				23A1EA062BC5FBFD00AF3360 /* PetsList.swift in Sources */,
				23A1E9F52BC3272100AF3360 /* RootView.swift in Sources */,
				23A1E9D82BC319AA00AF3360 /* ContentView.swift in Sources */,
				23A1E9F12BC31E1E00AF3360 /* LoginView.swift in Sources */,
				23A1E9D62BC319AA00AF3360 /* PetzCareApp.swift in Sources */,
				23A1EA092BC5FCD900AF3360 /* Pet.swift in Sources */,
			);
			runOnlyForDeploymentPostprocessing = 0;
		};
/* End PBXSourcesBuildPhase section */

/* Begin XCBuildConfiguration section */
		23A1E9DE2BC319AB00AF3360 /* Debug */ = {
			isa = XCBuildConfiguration;
			buildSettings = {
				ALWAYS_SEARCH_USER_PATHS = NO;
				CLANG_ANALYZER_NONNULL = YES;
				CLANG_ANALYZER_NUMBER_OBJECT_CONVERSION = YES_AGGRESSIVE;
				CLANG_CXX_LANGUAGE_STANDARD = "gnu++20";
				CLANG_ENABLE_MODULES = YES;
				CLANG_ENABLE_OBJC_ARC = YES;
				CLANG_ENABLE_OBJC_WEAK = YES;
				CLANG_WARN_BLOCK_CAPTURE_AUTORELEASING = YES;
				CLANG_WARN_BOOL_CONVERSION = YES;
				CLANG_WARN_COMMA = YES;
				CLANG_WARN_CONSTANT_CONVERSION = YES;
				CLANG_WARN_DEPRECATED_OBJC_IMPLEMENTATIONS = YES;
				CLANG_WARN_DIRECT_OBJC_ISA_USAGE = YES_ERROR;
				CLANG_WARN_DOCUMENTATION_COMMENTS = YES;
				CLANG_WARN_EMPTY_BODY = YES;
				CLANG_WARN_ENUM_CONVERSION = YES;
				CLANG_WARN_INFINITE_RECURSION = YES;
				CLANG_WARN_INT_CONVERSION = YES;
				CLANG_WARN_NON_LITERAL_NULL_CONVERSION = YES;
				CLANG_WARN_OBJC_IMPLICIT_RETAIN_SELF = YES;
				CLANG_WARN_OBJC_LITERAL_CONVERSION = YES;
				CLANG_WARN_OBJC_ROOT_CLASS = YES_ERROR;
				CLANG_WARN_QUOTED_INCLUDE_IN_FRAMEWORK_HEADER = YES;
				CLANG_WARN_RANGE_LOOP_ANALYSIS = YES;
				CLANG_WARN_STRICT_PROTOTYPES = YES;
				CLANG_WARN_SUSPICIOUS_MOVE = YES;
				CLANG_WARN_UNGUARDED_AVAILABILITY = YES_AGGRESSIVE;
				CLANG_WARN_UNREACHABLE_CODE = YES;
				CLANG_WARN__DUPLICATE_METHOD_MATCH = YES;
				COPY_PHASE_STRIP = NO;
				DEBUG_INFORMATION_FORMAT = dwarf;
				ENABLE_STRICT_OBJC_MSGSEND = YES;
				ENABLE_TESTABILITY = YES;
				GCC_C_LANGUAGE_STANDARD = gnu11;
				GCC_DYNAMIC_NO_PIC = NO;
				GCC_NO_COMMON_BLOCKS = YES;
				GCC_OPTIMIZATION_LEVEL = 0;
				GCC_PREPROCESSOR_DEFINITIONS = (
					"DEBUG=1",
					"$(inherited)",
				);
				GCC_WARN_64_TO_32_BIT_CONVERSION = YES;
				GCC_WARN_ABOUT_RETURN_TYPE = YES_ERROR;
				GCC_WARN_UNDECLARED_SELECTOR = YES;
				GCC_WARN_UNINITIALIZED_AUTOS = YES_AGGRESSIVE;
				GCC_WARN_UNUSED_FUNCTION = YES;
				GCC_WARN_UNUSED_VARIABLE = YES;
				IPHONEOS_DEPLOYMENT_TARGET = 16.4;
				MTL_ENABLE_DEBUG_INFO = INCLUDE_SOURCE;
				MTL_FAST_MATH = YES;
				ONLY_ACTIVE_ARCH = YES;
				SDKROOT = iphoneos;
				SWIFT_ACTIVE_COMPILATION_CONDITIONS = DEBUG;
				SWIFT_OPTIMIZATION_LEVEL = "-Onone";
			};
			name = Debug;
		};
		23A1E9DF2BC319AB00AF3360 /* Release */ = {
			isa = XCBuildConfiguration;
			buildSettings = {
				ALWAYS_SEARCH_USER_PATHS = NO;
				CLANG_ANALYZER_NONNULL = YES;
				CLANG_ANALYZER_NUMBER_OBJECT_CONVERSION = YES_AGGRESSIVE;
				CLANG_CXX_LANGUAGE_STANDARD = "gnu++20";
				CLANG_ENABLE_MODULES = YES;
				CLANG_ENABLE_OBJC_ARC = YES;
				CLANG_ENABLE_OBJC_WEAK = YES;
				CLANG_WARN_BLOCK_CAPTURE_AUTORELEASING = YES;
				CLANG_WARN_BOOL_CONVERSION = YES;
				CLANG_WARN_COMMA = YES;
				CLANG_WARN_CONSTANT_CONVERSION = YES;
				CLANG_WARN_DEPRECATED_OBJC_IMPLEMENTATIONS = YES;
				CLANG_WARN_DIRECT_OBJC_ISA_USAGE = YES_ERROR;
				CLANG_WARN_DOCUMENTATION_COMMENTS = YES;
				CLANG_WARN_EMPTY_BODY = YES;
				CLANG_WARN_ENUM_CONVERSION = YES;
				CLANG_WARN_INFINITE_RECURSION = YES;
				CLANG_WARN_INT_CONVERSION = YES;
				CLANG_WARN_NON_LITERAL_NULL_CONVERSION = YES;
				CLANG_WARN_OBJC_IMPLICIT_RETAIN_SELF = YES;
				CLANG_WARN_OBJC_LITERAL_CONVERSION = YES;
				CLANG_WARN_OBJC_ROOT_CLASS = YES_ERROR;
				CLANG_WARN_QUOTED_INCLUDE_IN_FRAMEWORK_HEADER = YES;
				CLANG_WARN_RANGE_LOOP_ANALYSIS = YES;
				CLANG_WARN_STRICT_PROTOTYPES = YES;
				CLANG_WARN_SUSPICIOUS_MOVE = YES;
				CLANG_WARN_UNGUARDED_AVAILABILITY = YES_AGGRESSIVE;
				CLANG_WARN_UNREACHABLE_CODE = YES;
				CLANG_WARN__DUPLICATE_METHOD_MATCH = YES;
				COPY_PHASE_STRIP = NO;
				DEBUG_INFORMATION_FORMAT = "dwarf-with-dsym";
				ENABLE_NS_ASSERTIONS = NO;
				ENABLE_STRICT_OBJC_MSGSEND = YES;
				GCC_C_LANGUAGE_STANDARD = gnu11;
				GCC_NO_COMMON_BLOCKS = YES;
				GCC_WARN_64_TO_32_BIT_CONVERSION = YES;
				GCC_WARN_ABOUT_RETURN_TYPE = YES_ERROR;
				GCC_WARN_UNDECLARED_SELECTOR = YES;
				GCC_WARN_UNINITIALIZED_AUTOS = YES_AGGRESSIVE;
				GCC_WARN_UNUSED_FUNCTION = YES;
				GCC_WARN_UNUSED_VARIABLE = YES;
				IPHONEOS_DEPLOYMENT_TARGET = 16.4;
				MTL_ENABLE_DEBUG_INFO = NO;
				MTL_FAST_MATH = YES;
				SDKROOT = iphoneos;
				SWIFT_COMPILATION_MODE = wholemodule;
				SWIFT_OPTIMIZATION_LEVEL = "-O";
				VALIDATE_PRODUCT = YES;
			};
			name = Release;
		};
		23A1E9E12BC319AB00AF3360 /* Debug */ = {
			isa = XCBuildConfiguration;
			buildSettings = {
				ASSETCATALOG_COMPILER_APPICON_NAME = AppIcon;
				ASSETCATALOG_COMPILER_GLOBAL_ACCENT_COLOR_NAME = AccentColor;
				CODE_SIGN_STYLE = Automatic;
				CURRENT_PROJECT_VERSION = 1;
				DEVELOPMENT_ASSET_PATHS = "\"PetzCare/Preview Content\"";
				ENABLE_PREVIEWS = YES;
				GENERATE_INFOPLIST_FILE = YES;
				INFOPLIST_FILE = PetzCare/Info.plist;
				INFOPLIST_KEY_UIApplicationSceneManifest_Generation = YES;
				INFOPLIST_KEY_UIApplicationSupportsIndirectInputEvents = YES;
				INFOPLIST_KEY_UILaunchScreen_Generation = YES;
				INFOPLIST_KEY_UISupportedInterfaceOrientations_iPad = "UIInterfaceOrientationPortrait UIInterfaceOrientationPortraitUpsideDown UIInterfaceOrientationLandscapeLeft UIInterfaceOrientationLandscapeRight";
				INFOPLIST_KEY_UISupportedInterfaceOrientations_iPhone = "UIInterfaceOrientationPortrait UIInterfaceOrientationLandscapeLeft UIInterfaceOrientationLandscapeRight";
				LD_RUNPATH_SEARCH_PATHS = (
					"$(inherited)",
					"@executable_path/Frameworks",
				);
				MARKETING_VERSION = 1.0;
				PRODUCT_BUNDLE_IDENTIFIER = com.battre.PetzCare;
				PRODUCT_NAME = "$(TARGET_NAME)";
				SWIFT_EMIT_LOC_STRINGS = YES;
				SWIFT_VERSION = 5.0;
				TARGETED_DEVICE_FAMILY = "1,2";
			};
			name = Debug;
		};
		23A1E9E22BC319AB00AF3360 /* Release */ = {
			isa = XCBuildConfiguration;
			buildSettings = {
				ASSETCATALOG_COMPILER_APPICON_NAME = AppIcon;
				ASSETCATALOG_COMPILER_GLOBAL_ACCENT_COLOR_NAME = AccentColor;
				CODE_SIGN_STYLE = Automatic;
				CURRENT_PROJECT_VERSION = 1;
				DEVELOPMENT_ASSET_PATHS = "\"PetzCare/Preview Content\"";
				ENABLE_PREVIEWS = YES;
				GENERATE_INFOPLIST_FILE = YES;
				INFOPLIST_FILE = PetzCare/Info.plist;
				INFOPLIST_KEY_UIApplicationSceneManifest_Generation = YES;
				INFOPLIST_KEY_UIApplicationSupportsIndirectInputEvents = YES;
				INFOPLIST_KEY_UILaunchScreen_Generation = YES;
				INFOPLIST_KEY_UISupportedInterfaceOrientations_iPad = "UIInterfaceOrientationPortrait UIInterfaceOrientationPortraitUpsideDown UIInterfaceOrientationLandscapeLeft UIInterfaceOrientationLandscapeRight";
				INFOPLIST_KEY_UISupportedInterfaceOrientations_iPhone = "UIInterfaceOrientationPortrait UIInterfaceOrientationLandscapeLeft UIInterfaceOrientationLandscapeRight";
				LD_RUNPATH_SEARCH_PATHS = (
					"$(inherited)",
					"@executable_path/Frameworks",
				);
				MARKETING_VERSION = 1.0;
				PRODUCT_BUNDLE_IDENTIFIER = com.battre.PetzCare;
				PRODUCT_NAME = "$(TARGET_NAME)";
				SWIFT_EMIT_LOC_STRINGS = YES;
				SWIFT_VERSION = 5.0;
				TARGETED_DEVICE_FAMILY = "1,2";
			};
			name = Release;
		};
/* End XCBuildConfiguration section */

/* Begin XCConfigurationList section */
		23A1E9CD2BC319AA00AF3360 /* Build configuration list for PBXProject "PetzCare" */ = {
			isa = XCConfigurationList;
			buildConfigurations = (
				23A1E9DE2BC319AB00AF3360 /* Debug */,
				23A1E9DF2BC319AB00AF3360 /* Release */,
			);
			defaultConfigurationIsVisible = 0;
			defaultConfigurationName = Release;
		};
		23A1E9E02BC319AB00AF3360 /* Build configuration list for PBXNativeTarget "PetzCare" */ = {
			isa = XCConfigurationList;
			buildConfigurations = (
				23A1E9E12BC319AB00AF3360 /* Debug */,
				23A1E9E22BC319AB00AF3360 /* Release */,
			);
			defaultConfigurationIsVisible = 0;
			defaultConfigurationName = Release;
		};
/* End XCConfigurationList section */

/* Begin XCRemoteSwiftPackageReference section */
		23A1E9E32BC31A9500AF3360 /* XCRemoteSwiftPackageReference "firebase-ios-sdk" */ = {
			isa = XCRemoteSwiftPackageReference;
			repositoryURL = "https://github.com/firebase/firebase-ios-sdk";
			requirement = {
				kind = upToNextMajorVersion;
				minimumVersion = 10.0.0;
			};
		};
		23A1E9FD2BC3553D00AF3360 /* XCRemoteSwiftPackageReference "GoogleSignIn-iOS" */ = {
			isa = XCRemoteSwiftPackageReference;
			repositoryURL = "https://github.com/google/GoogleSignIn-iOS.git";
			requirement = {
				kind = upToNextMajorVersion;
				minimumVersion = 7.0.0;
			};
		};
/* End XCRemoteSwiftPackageReference section */

/* Begin XCSwiftPackageProductDependency section */
		23A1E9E42BC31A9500AF3360 /* FirebaseAuth */ = {
			isa = XCSwiftPackageProductDependency;
			package = 23A1E9E32BC31A9500AF3360 /* XCRemoteSwiftPackageReference "firebase-ios-sdk" */;
			productName = FirebaseAuth;
		};
		23A1E9FE2BC3553E00AF3360 /* GoogleSignIn */ = {
			isa = XCSwiftPackageProductDependency;
			package = 23A1E9FD2BC3553D00AF3360 /* XCRemoteSwiftPackageReference "GoogleSignIn-iOS" */;
			productName = GoogleSignIn;
		};
		23A1EA002BC3553E00AF3360 /* GoogleSignInSwift */ = {
			isa = XCSwiftPackageProductDependency;
			package = 23A1E9FD2BC3553D00AF3360 /* XCRemoteSwiftPackageReference "GoogleSignIn-iOS" */;
			productName = GoogleSignInSwift;
		};
		23A1EA112BC6024500AF3360 /* FirebaseFirestore */ = {
			isa = XCSwiftPackageProductDependency;
			package = 23A1E9E32BC31A9500AF3360 /* XCRemoteSwiftPackageReference "firebase-ios-sdk" */;
			productName = FirebaseFirestore;
		};
		23A1EA132BC6024500AF3360 /* FirebaseFirestoreSwift */ = {
			isa = XCSwiftPackageProductDependency;
			package = 23A1E9E32BC31A9500AF3360 /* XCRemoteSwiftPackageReference "firebase-ios-sdk" */;
			productName = FirebaseFirestoreSwift;
		};
/* End XCSwiftPackageProductDependency section */
	};
	rootObject = 23A1E9CA2BC319AA00AF3360 /* Project object */;
}
